// !$*UTF8*$!
{
	archiveVersion = 1;
	classes = {
	};
	objectVersion = 46;
	objects = {

/* Begin PBXBuildFile section */
		16F181A91B02CC28004137BB /* main.m in Sources */ = {isa = PBXBuildFile; fileRef = 16F181A81B02CC28004137BB /* main.m */; };
		16F181AC1B02CC28004137BB /* AppDelegate.m in Sources */ = {isa = PBXBuildFile; fileRef = 16F181AB1B02CC28004137BB /* AppDelegate.m */; };
		16F181AF1B02CC28004137BB /* ViewController.m in Sources */ = {isa = PBXBuildFile; fileRef = 16F181AE1B02CC28004137BB /* ViewController.m */; };
		16F181B21B02CC28004137BB /* Main.storyboard in Resources */ = {isa = PBXBuildFile; fileRef = 16F181B01B02CC28004137BB /* Main.storyboard */; };
		16F181B41B02CC28004137BB /* Images.xcassets in Resources */ = {isa = PBXBuildFile; fileRef = 16F181B31B02CC28004137BB /* Images.xcassets */; };
		16F181B71B02CC28004137BB /* LaunchScreen.xib in Resources */ = {isa = PBXBuildFile; fileRef = 16F181B51B02CC28004137BB /* LaunchScreen.xib */; };
		16F181C31B02CC28004137BB /* BubblyTests.m in Sources */ = {isa = PBXBuildFile; fileRef = 16F181C21B02CC28004137BB /* BubblyTests.m */; };
/* End PBXBuildFile section */

/* Begin PBXContainerItemProxy section */
		16F181BD1B02CC28004137BB /* PBXContainerItemProxy */ = {
			isa = PBXContainerItemProxy;
			containerPortal = 16F1819B1B02CC28004137BB /* Project object */;
			proxyType = 1;
			remoteGlobalIDString = 16F181A21B02CC28004137BB;
			remoteInfo = Bubbly;
		};
/* End PBXContainerItemProxy section */

/* Begin PBXFileReference section */
		16F181A31B02CC28004137BB /* Bubbly.app */ = {isa = PBXFileReference; explicitFileType = wrapper.application; includeInIndex = 0; path = Bubbly.app; sourceTree = BUILT_PRODUCTS_DIR; };
		16F181A71B02CC28004137BB /* Info.plist */ = {isa = PBXFileReference; lastKnownFileType = text.plist.xml; path = Info.plist; sourceTree = "<group>"; };
		16F181A81B02CC28004137BB /* main.m */ = {isa = PBXFileReference; lastKnownFileType = sourcecode.c.objc; path = main.m; sourceTree = "<group>"; };
		16F181AA1B02CC28004137BB /* AppDelegate.h */ = {isa = PBXFileReference; lastKnownFileType = sourcecode.c.h; path = AppDelegate.h; sourceTree = "<group>"; };
		16F181AB1B02CC28004137BB /* AppDelegate.m */ = {isa = PBXFileReference; lastKnownFileType = sourcecode.c.objc; path = AppDelegate.m; sourceTree = "<group>"; };
		16F181AD1B02CC28004137BB /* ViewController.h */ = {isa = PBXFileReference; lastKnownFileType = sourcecode.c.h; path = ViewController.h; sourceTree = "<group>"; };
		16F181AE1B02CC28004137BB /* ViewController.m */ = {isa = PBXFileReference; lastKnownFileType = sourcecode.c.objc; path = ViewController.m; sourceTree = "<group>"; };
		16F181B11B02CC28004137BB /* Base */ = {isa = PBXFileReference; lastKnownFileType = file.storyboard; name = Base; path = Base.lproj/Main.storyboard; sourceTree = "<group>"; };
		16F181B31B02CC28004137BB /* Images.xcassets */ = {isa = PBXFileReference; lastKnownFileType = folder.assetcatalog; path = Images.xcassets; sourceTree = "<group>"; };
		16F181B61B02CC28004137BB /* Base */ = {isa = PBXFileReference; lastKnownFileType = file.xib; name = Base; path = Base.lproj/LaunchScreen.xib; sourceTree = "<group>"; };
		16F181BC1B02CC28004137BB /* BubblyTests.xctest */ = {isa = PBXFileReference; explicitFileType = wrapper.cfbundle; includeInIndex = 0; path = BubblyTests.xctest; sourceTree = BUILT_PRODUCTS_DIR; };
		16F181C11B02CC28004137BB /* Info.plist */ = {isa = PBXFileReference; lastKnownFileType = text.plist.xml; path = Info.plist; sourceTree = "<group>"; };
		16F181C21B02CC28004137BB /* BubblyTests.m */ = {isa = PBXFileReference; lastKnownFileType = sourcecode.c.objc; path = BubblyTests.m; sourceTree = "<group>"; };
/* End PBXFileReference section */

/* Begin PBXFrameworksBuildPhase section */
		16F181A01B02CC28004137BB /* Frameworks */ = {
			isa = PBXFrameworksBuildPhase;
			buildActionMask = 2147483647;
			files = (
			);
			runOnlyForDeploymentPostprocessing = 0;
		};
		16F181B91B02CC28004137BB /* Frameworks */ = {
			isa = PBXFrameworksBuildPhase;
			buildActionMask = 2147483647;
			files = (
			);
			runOnlyForDeploymentPostprocessing = 0;
		};
/* End PBXFrameworksBuildPhase section */

/* Begin PBXGroup section */
		16F1819A1B02CC28004137BB = {
			isa = PBXGroup;
			children = (
				16F181A51B02CC28004137BB /* Bubbly */,
				16F181BF1B02CC28004137BB /* BubblyTests */,
				16F181A41B02CC28004137BB /* Products */,
			);
			sourceTree = "<group>";
		};
		16F181A41B02CC28004137BB /* Products */ = {
			isa = PBXGroup;
			children = (
				16F181A31B02CC28004137BB /* Bubbly.app */,
				16F181BC1B02CC28004137BB /* BubblyTests.xctest */,
			);
			name = Products;
			sourceTree = "<group>";
		};
		16F181A51B02CC28004137BB /* Bubbly */ = {
			isa = PBXGroup;
			children = (
				16F181AA1B02CC28004137BB /* AppDelegate.h */,
				16F181AB1B02CC28004137BB /* AppDelegate.m */,
				16F181AD1B02CC28004137BB /* ViewController.h */,
				16F181AE1B02CC28004137BB /* ViewController.m */,
				16F181B01B02CC28004137BB /* Main.storyboard */,
				16F181B31B02CC28004137BB /* Images.xcassets */,
				16F181B51B02CC28004137BB /* LaunchScreen.xib */,
				16F181A61B02CC28004137BB /* Supporting Files */,
			);
			path = Bubbly;
			sourceTree = "<group>";
		};
		16F181A61B02CC28004137BB /* Supporting Files */ = {
			isa = PBXGroup;
			children = (
				16F181A71B02CC28004137BB /* Info.plist */,
				16F181A81B02CC28004137BB /* main.m */,
			);
			name = "Supporting Files";
			sourceTree = "<group>";
		};
		16F181BF1B02CC28004137BB /* BubblyTests */ = {
			isa = PBXGroup;
			children = (
				16F181C21B02CC28004137BB /* BubblyTests.m */,
				16F181C01B02CC28004137BB /* Supporting Files */,
			);
			path = BubblyTests;
			sourceTree = "<group>";
		};
		16F181C01B02CC28004137BB /* Supporting Files */ = {
			isa = PBXGroup;
			children = (
				16F181C11B02CC28004137BB /* Info.plist */,
			);
			name = "Supporting Files";
			sourceTree = "<group>";
		};
/* End PBXGroup section */

/* Begin PBXNativeTarget section */
		16F181A21B02CC28004137BB /* Bubbly */ = {
			isa = PBXNativeTarget;
			buildConfigurationList = 16F181C61B02CC28004137BB /* Build configuration list for PBXNativeTarget "Bubbly" */;
			buildPhases = (
				16F1819F1B02CC28004137BB /* Sources */,
				16F181A01B02CC28004137BB /* Frameworks */,
				16F181A11B02CC28004137BB /* Resources */,
			);
			buildRules = (
			);
			dependencies = (
			);
			name = Bubbly;
			productName = Bubbly;
			productReference = 16F181A31B02CC28004137BB /* Bubbly.app */;
			productType = "com.apple.product-type.application";
		};
		16F181BB1B02CC28004137BB /* BubblyTests */ = {
			isa = PBXNativeTarget;
			buildConfigurationList = 16F181C91B02CC28004137BB /* Build configuration list for PBXNativeTarget "BubblyTests" */;
			buildPhases = (
				16F181B81B02CC28004137BB /* Sources */,
				16F181B91B02CC28004137BB /* Frameworks */,
				16F181BA1B02CC28004137BB /* Resources */,
			);
			buildRules = (
			);
			dependencies = (
				16F181BE1B02CC28004137BB /* PBXTargetDependency */,
			);
			name = BubblyTests;
			productName = BubblyTests;
			productReference = 16F181BC1B02CC28004137BB /* BubblyTests.xctest */;
			productType = "com.apple.product-type.bundle.unit-test";
		};
/* End PBXNativeTarget section */

/* Begin PBXProject section */
		16F1819B1B02CC28004137BB /* Project object */ = {
			isa = PBXProject;
			attributes = {
				LastUpgradeCheck = 0630;
				ORGANIZATIONNAME = "Slacker Tools";
				TargetAttributes = {
					16F181A21B02CC28004137BB = {
						CreatedOnToolsVersion = 6.3.1;
					};
					16F181BB1B02CC28004137BB = {
						CreatedOnToolsVersion = 6.3.1;
						TestTargetID = 16F181A21B02CC28004137BB;
					};
				};
			};
			buildConfigurationList = 16F1819E1B02CC28004137BB /* Build configuration list for PBXProject "Bubbly" */;
			compatibilityVersion = "Xcode 3.2";
			developmentRegion = English;
			hasScannedForEncodings = 0;
			knownRegions = (
				en,
				Base,
			);
			mainGroup = 16F1819A1B02CC28004137BB;
			productRefGroup = 16F181A41B02CC28004137BB /* Products */;
			projectDirPath = "";
			projectRoot = "";
			targets = (
				16F181A21B02CC28004137BB /* Bubbly */,
				16F181BB1B02CC28004137BB /* BubblyTests */,
			);
		};
/* End PBXProject section */

/* Begin PBXResourcesBuildPhase section */
		16F181A11B02CC28004137BB /* Resources */ = {
			isa = PBXResourcesBuildPhase;
			buildActionMask = 2147483647;
			files = (
				16F181B21B02CC28004137BB /* Main.storyboard in Resources */,
				16F181B71B02CC28004137BB /* LaunchScreen.xib in Resources */,
				16F181B41B02CC28004137BB /* Images.xcassets in Resources */,
			);
			runOnlyForDeploymentPostprocessing = 0;
		};
		16F181BA1B02CC28004137BB /* Resources */ = {
			isa = PBXResourcesBuildPhase;
			buildActionMask = 2147483647;
			files = (
			);
			runOnlyForDeploymentPostprocessing = 0;
		};
/* End PBXResourcesBuildPhase section */

/* Begin PBXSourcesBuildPhase section */
		16F1819F1B02CC28004137BB /* Sources */ = {
			isa = PBXSourcesBuildPhase;
			buildActionMask = 2147483647;
			files = (
				16F181AF1B02CC28004137BB /* ViewController.m in Sources */,
				16F181AC1B02CC28004137BB /* AppDelegate.m in Sources */,
				16F181A91B02CC28004137BB /* main.m in Sources */,
			);
			runOnlyForDeploymentPostprocessing = 0;
		};
		16F181B81B02CC28004137BB /* Sources */ = {
			isa = PBXSourcesBuildPhase;
			buildActionMask = 2147483647;
			files = (
				16F181C31B02CC28004137BB /* BubblyTests.m in Sources */,
			);
			runOnlyForDeploymentPostprocessing = 0;
		};
/* End PBXSourcesBuildPhase section */

/* Begin PBXTargetDependency section */
		16F181BE1B02CC28004137BB /* PBXTargetDependency */ = {
			isa = PBXTargetDependency;
			target = 16F181A21B02CC28004137BB /* Bubbly */;
			targetProxy = 16F181BD1B02CC28004137BB /* PBXContainerItemProxy */;
		};
/* End PBXTargetDependency section */

/* Begin PBXVariantGroup section */
		16F181B01B02CC28004137BB /* Main.storyboard */ = {
			isa = PBXVariantGroup;
			children = (
				16F181B11B02CC28004137BB /* Base */,
			);
			name = Main.storyboard;
			sourceTree = "<group>";
		};
		16F181B51B02CC28004137BB /* LaunchScreen.xib */ = {
			isa = PBXVariantGroup;
			children = (
				16F181B61B02CC28004137BB /* Base */,
			);
			name = LaunchScreen.xib;
			sourceTree = "<group>";
		};
/* End PBXVariantGroup section */

/* Begin XCBuildConfiguration section */
		16F181C41B02CC28004137BB /* Debug */ = {
			isa = XCBuildConfiguration;
			buildSettings = {
				ALWAYS_SEARCH_USER_PATHS = NO;
				CLANG_CXX_LANGUAGE_STANDARD = "gnu++0x";
				CLANG_CXX_LIBRARY = "libc++";
				CLANG_ENABLE_MODULES = YES;
				CLANG_ENABLE_OBJC_ARC = YES;
				CLANG_WARN_BOOL_CONVERSION = YES;
				CLANG_WARN_CONSTANT_CONVERSION = YES;
				CLANG_WARN_DIRECT_OBJC_ISA_USAGE = YES_ERROR;
				CLANG_WARN_EMPTY_BODY = YES;
				CLANG_WARN_ENUM_CONVERSION = YES;
				CLANG_WARN_INT_CONVERSION = YES;
				CLANG_WARN_OBJC_ROOT_CLASS = YES_ERROR;
				CLANG_WARN_UNREACHABLE_CODE = YES;
				CLANG_WARN__DUPLICATE_METHOD_MATCH = YES;
				"CODE_SIGN_IDENTITY[sdk=iphoneos*]" = "iPhone Developer";
				COPY_PHASE_STRIP = NO;
				DEBUG_INFORMATION_FORMAT = "dwarf-with-dsym";
				ENABLE_STRICT_OBJC_MSGSEND = YES;
				GCC_C_LANGUAGE_STANDARD = gnu99;
				GCC_DYNAMIC_NO_PIC = NO;
				GCC_NO_COMMON_BLOCKS = YES;
				GCC_OPTIMIZATION_LEVEL = 0;
				GCC_PREPROCESSOR_DEFINITIONS = (
					"DEBUG=1",
					"$(inherited)",
				);
				GCC_SYMBOLS_PRIVATE_EXTERN = NO;
				GCC_WARN_64_TO_32_BIT_CONVERSION = YES;
				GCC_WARN_ABOUT_RETURN_TYPE = YES_ERROR;
				GCC_WARN_UNDECLARED_SELECTOR = YES;
				GCC_WARN_UNINITIALIZED_AUTOS = YES_AGGRESSIVE;
				GCC_WARN_UNUSED_FUNCTION = YES;
				GCC_WARN_UNUSED_VARIABLE = YES;
				IPHONEOS_DEPLOYMENT_TARGET = 8.3;
				MTL_ENABLE_DEBUG_INFO = YES;
				ONLY_ACTIVE_ARCH = YES;
				SDKROOT = iphoneos;
				TARGETED_DEVICE_FAMILY = "1,2";
			};
			name = Debug;
		};
		16F181C51B02CC28004137BB /* Release */ = {
			isa = XCBuildConfiguration;
			buildSettings = {
				ALWAYS_SEARCH_USER_PATHS = NO;
				CLANG_CXX_LANGUAGE_STANDARD = "gnu++0x";
				CLANG_CXX_LIBRARY = "libc++";
				CLANG_ENABLE_MODULES = YES;
				CLANG_ENABLE_OBJC_ARC = YES;
				CLANG_WARN_BOOL_CONVERSION = YES;
				CLANG_WARN_CONSTANT_CONVERSION = YES;
				CLANG_WARN_DIRECT_OBJC_ISA_USAGE = YES_ERROR;
				CLANG_WARN_EMPTY_BODY = YES;
				CLANG_WARN_ENUM_CONVERSION = YES;
				CLANG_WARN_INT_CONVERSION = YES;
				CLANG_WARN_OBJC_ROOT_CLASS = YES_ERROR;
				CLANG_WARN_UNREACHABLE_CODE = YES;
				CLANG_WARN__DUPLICATE_METHOD_MATCH = YES;
				"CODE_SIGN_IDENTITY[sdk=iphoneos*]" = "iPhone Developer";
				COPY_PHASE_STRIP = NO;
				DEBUG_INFORMATION_FORMAT = "dwarf-with-dsym";
				ENABLE_NS_ASSERTIONS = NO;
				ENABLE_STRICT_OBJC_MSGSEND = YES;
				GCC_C_LANGUAGE_STANDARD = gnu99;
				GCC_NO_COMMON_BLOCKS = YES;
				GCC_WARN_64_TO_32_BIT_CONVERSION = YES;
				GCC_WARN_ABOUT_RETURN_TYPE = YES_ERROR;
				GCC_WARN_UNDECLARED_SELECTOR = YES;
				GCC_WARN_UNINITIALIZED_AUTOS = YES_AGGRESSIVE;
				GCC_WARN_UNUSED_FUNCTION = YES;
				GCC_WARN_UNUSED_VARIABLE = YES;
				IPHONEOS_DEPLOYMENT_TARGET = 8.3;
				MTL_ENABLE_DEBUG_INFO = NO;
				SDKROOT = iphoneos;
				TARGETED_DEVICE_FAMILY = "1,2";
				VALIDATE_PRODUCT = YES;
			};
			name = Release;
		};
		16F181C71B02CC28004137BB /* Debug */ = {
			isa = XCBuildConfiguration;
			buildSettings = {
				ASSETCATALOG_COMPILER_APPICON_NAME = AppIcon;
				INFOPLIST_FILE = Bubbly/Info.plist;
				LD_RUNPATH_SEARCH_PATHS = "$(inherited) @executable_path/Frameworks";
				PRODUCT_NAME = "$(TARGET_NAME)";
			};
			name = Debug;
		};
		16F181C81B02CC28004137BB /* Release */ = {
			isa = XCBuildConfiguration;
			buildSettings = {
				ASSETCATALOG_COMPILER_APPICON_NAME = AppIcon;
				INFOPLIST_FILE = Bubbly/Info.plist;
				LD_RUNPATH_SEARCH_PATHS = "$(inherited) @executable_path/Frameworks";
				PRODUCT_NAME = "$(TARGET_NAME)";
			};
			name = Release;
		};
		16F181CA1B02CC28004137BB /* Debug */ = {
			isa = XCBuildConfiguration;
			buildSettings = {
				BUNDLE_LOADER = "$(TEST_HOST)";
				FRAMEWORK_SEARCH_PATHS = (
					"$(SDKROOT)/Developer/Library/Frameworks",
					"$(inherited)",
				);
				GCC_PREPROCESSOR_DEFINITIONS = (
					"DEBUG=1",
					"$(inherited)",
				);
				INFOPLIST_FILE = BubblyTests/Info.plist;
				LD_RUNPATH_SEARCH_PATHS = "$(inherited) @executable_path/Frameworks @loader_path/Frameworks";
				PRODUCT_NAME = "$(TARGET_NAME)";
				TEST_HOST = "$(BUILT_PRODUCTS_DIR)/Bubbly.app/Bubbly";
			};
			name = Debug;
		};
		16F181CB1B02CC28004137BB /* Release */ = {
			isa = XCBuildConfiguration;
			buildSettings = {
				BUNDLE_LOADER = "$(TEST_HOST)";
				FRAMEWORK_SEARCH_PATHS = (
					"$(SDKROOT)/Developer/Library/Frameworks",
					"$(inherited)",
				);
				INFOPLIST_FILE = BubblyTests/Info.plist;
				LD_RUNPATH_SEARCH_PATHS = "$(inherited) @executable_path/Frameworks @loader_path/Frameworks";
				PRODUCT_NAME = "$(TARGET_NAME)";
				TEST_HOST = "$(BUILT_PRODUCTS_DIR)/Bubbly.app/Bubbly";
			};
			name = Release;
		};
/* End XCBuildConfiguration section */

/* Begin XCConfigurationList section */
		16F1819E1B02CC28004137BB /* Build configuration list for PBXProject "Bubbly" */ = {
			isa = XCConfigurationList;
			buildConfigurations = (
				16F181C41B02CC28004137BB /* Debug */,
				16F181C51B02CC28004137BB /* Release */,
			);
			defaultConfigurationIsVisible = 0;
			defaultConfigurationName = Release;
		};
		16F181C61B02CC28004137BB /* Build configuration list for PBXNativeTarget "Bubbly" */ = {
			isa = XCConfigurationList;
			buildConfigurations = (
				16F181C71B02CC28004137BB /* Debug */,
				16F181C81B02CC28004137BB /* Release */,
			);
			defaultConfigurationIsVisible = 0;
		};
		16F181C91B02CC28004137BB /* Build configuration list for PBXNativeTarget "BubblyTests" */ = {
			isa = XCConfigurationList;
			buildConfigurations = (
				16F181CA1B02CC28004137BB /* Debug */,
				16F181CB1B02CC28004137BB /* Release */,
			);
			defaultConfigurationIsVisible = 0;
		};
/* End XCConfigurationList section */
	};
	rootObject = 16F1819B1B02CC28004137BB /* Project object */;
}
